
Microsoft Visual Studio Solution File, Format Version 12.00
# Visual Studio Version 16
VisualStudioVersion = 16.0.31911.196
MinimumVisualStudioVersion = 10.0.40219.1
Project("{FAE04EC0-301F-11D3-BF4B-00C04F79EFBC}") = "WebApp01CSharp", "WebApp01CSharp.csproj", "{1F75CD1F-778F-4B40-9B0F-F4A6E268449E}"
EndProject
Global
	GlobalSection(SolutionConfigurationPlatforms) = preSolution
		Debug|Any CPU = Debug|Any CPU
		Release|Any CPU = Release|Any CPU
	EndGlobalSection
	GlobalSection(ProjectConfigurationPlatforms) = postSolution
		{1F75CD1F-778F-4B40-9B0F-F4A6E268449E}.Debug|Any CPU.ActiveCfg = Debug|Any CPU
		{1F75CD1F-778F-4B40-9B0F-F4A6E268449E}.Debug|Any CPU.Build.0 = Debug|Any CPU
		{1F75CD1F-778F-4B40-9B0F-F4A6E268449E}.Release|Any CPU.ActiveCfg = Release|Any CPU
		{1F75CD1F-778F-4B40-9B0F-F4A6E268449E}.Release|Any CPU.Build.0 = Release|Any CPU
	EndGlobalSection
	GlobalSection(SolutionProperties) = preSolution
		HideSolutionNode = FALSE
	EndGlobalSection
	GlobalSection(ExtensibilityGlobals) = postSolution
		SolutionGuid = {22092A39-0263-4300-AFCF-DF6E830B3A4B}
	EndGlobalSection
EndGlobal
